// !$*UTF8*$!
{
	archiveVersion = 1;
	classes = {
	};
	objectVersion = 46;
	objects = {

/* Begin PBXBuildFile section */
		E1AB0EA01C4FD4E0009E4182 /* penguin.png in Resources */ = {isa = PBXBuildFile; fileRef = E1AB0E9F1C4FD4E0009E4182 /* penguin.png */; };
		E1AB0EA21C5005BD009E4182 /* homepage.png in Resources */ = {isa = PBXBuildFile; fileRef = E1AB0EA11C5005BD009E4182 /* homepage.png */; };
		E1AB0EB21C505EC7009E4182 /* baby pernguin.png in Resources */ = {isa = PBXBuildFile; fileRef = E1AB0EAD1C505EC7009E4182 /* baby pernguin.png */; };
		E1AB0EB31C505EC7009E4182 /* penguin with scarf.png in Resources */ = {isa = PBXBuildFile; fileRef = E1AB0EAE1C505EC7009E4182 /* penguin with scarf.png */; };
		E1AB0EB51C505EC7009E4182 /* penguin fishing.png in Resources */ = {isa = PBXBuildFile; fileRef = E1AB0EB01C505EC7009E4182 /* penguin fishing.png */; };
		E1AB0EB61C505EC7009E4182 /* swimming penguin.png in Resources */ = {isa = PBXBuildFile; fileRef = E1AB0EB11C505EC7009E4182 /* swimming penguin.png */; };
		E1AB0EB81C506708009E4182 /* homepage-01-01.png in Resources */ = {isa = PBXBuildFile; fileRef = E1AB0EB71C506708009E4182 /* homepage-01-01.png */; };
		E1CB60431C148CB400AE270F /* AppDelegate.swift in Sources */ = {isa = PBXBuildFile; fileRef = E1CB60421C148CB400AE270F /* AppDelegate.swift */; };
		E1CB60451C148CB400AE270F /* ViewController.swift in Sources */ = {isa = PBXBuildFile; fileRef = E1CB60441C148CB400AE270F /* ViewController.swift */; };
		E1CB60481C148CB400AE270F /* Main.storyboard in Resources */ = {isa = PBXBuildFile; fileRef = E1CB60461C148CB400AE270F /* Main.storyboard */; };
		E1CB604A1C148CB400AE270F /* Assets.xcassets in Resources */ = {isa = PBXBuildFile; fileRef = E1CB60491C148CB400AE270F /* Assets.xcassets */; };
		E1CB604D1C148CB400AE270F /* LaunchScreen.storyboard in Resources */ = {isa = PBXBuildFile; fileRef = E1CB604B1C148CB400AE270F /* LaunchScreen.storyboard */; };
		E1CB60581C148CB400AE270F /* Penguin_AdventuresTests.swift in Sources */ = {isa = PBXBuildFile; fileRef = E1CB60571C148CB400AE270F /* Penguin_AdventuresTests.swift */; };
		E1CB60631C148CB400AE270F /* Penguin_AdventuresUITests.swift in Sources */ = {isa = PBXBuildFile; fileRef = E1CB60621C148CB400AE270F /* Penguin_AdventuresUITests.swift */; };
		E1E41E191C28C415006B3883 /* FourthViewController.swift in Sources */ = {isa = PBXBuildFile; fileRef = E1E41E181C28C415006B3883 /* FourthViewController.swift */; };
		E1E41E1B1C28DA13006B3883 /* locations.gpx in Resources */ = {isa = PBXBuildFile; fileRef = E1E41E1A1C28DA13006B3883 /* locations.gpx */; };
		E1E41E1D1C28EB5E006B3883 /* CollectionViewController.swift in Sources */ = {isa = PBXBuildFile; fileRef = E1E41E1C1C28EB5E006B3883 /* CollectionViewController.swift */; };
		E1EAA8171C19A29700CA9B7B /* SecondViewController.swift in Sources */ = {isa = PBXBuildFile; fileRef = E1EAA8161C19A29700CA9B7B /* SecondViewController.swift */; };
/* End PBXBuildFile section */

/* Begin PBXContainerItemProxy section */
		E1CB60541C148CB400AE270F /* PBXContainerItemProxy */ = {
			isa = PBXContainerItemProxy;
			containerPortal = E1CB60371C148CB400AE270F /* Project object */;
			proxyType = 1;
			remoteGlobalIDString = E1CB603E1C148CB400AE270F;
			remoteInfo = "Penguin Adventures";
		};
		E1CB605F1C148CB400AE270F /* PBXContainerItemProxy */ = {
			isa = PBXContainerItemProxy;
			containerPortal = E1CB60371C148CB400AE270F /* Project object */;
			proxyType = 1;
			remoteGlobalIDString = E1CB603E1C148CB400AE270F;
			remoteInfo = "Penguin Adventures";
		};
/* End PBXContainerItemProxy section */

/* Begin PBXFileReference section */
		E1AB0E9F1C4FD4E0009E4182 /* penguin.png */ = {isa = PBXFileReference; lastKnownFileType = image.png; name = penguin.png; path = Assets.xcassets/penguin.png; sourceTree = "<group>"; };
		E1AB0EA11C5005BD009E4182 /* homepage.png */ = {isa = PBXFileReference; lastKnownFileType = image.png; path = homepage.png; sourceTree = "<group>"; };
		E1AB0EAD1C505EC7009E4182 /* baby pernguin.png */ = {isa = PBXFileReference; lastKnownFileType = image.png; path = "baby pernguin.png"; sourceTree = "<group>"; };
		E1AB0EAE1C505EC7009E4182 /* penguin with scarf.png */ = {isa = PBXFileReference; lastKnownFileType = image.png; path = "penguin with scarf.png"; sourceTree = "<group>"; };
		E1AB0EB01C505EC7009E4182 /* penguin fishing.png */ = {isa = PBXFileReference; lastKnownFileType = image.png; path = "penguin fishing.png"; sourceTree = "<group>"; };
		E1AB0EB11C505EC7009E4182 /* swimming penguin.png */ = {isa = PBXFileReference; lastKnownFileType = image.png; path = "swimming penguin.png"; sourceTree = "<group>"; };
		E1AB0EB71C506708009E4182 /* homepage-01-01.png */ = {isa = PBXFileReference; lastKnownFileType = image.png; path = "homepage-01-01.png"; sourceTree = "<group>"; };
		E1CB603F1C148CB400AE270F /* Penguin Adventures.app */ = {isa = PBXFileReference; explicitFileType = wrapper.application; includeInIndex = 0; path = "Penguin Adventures.app"; sourceTree = BUILT_PRODUCTS_DIR; };
		E1CB60421C148CB400AE270F /* AppDelegate.swift */ = {isa = PBXFileReference; lastKnownFileType = sourcecode.swift; path = AppDelegate.swift; sourceTree = "<group>"; };
		E1CB60441C148CB400AE270F /* ViewController.swift */ = {isa = PBXFileReference; lastKnownFileType = sourcecode.swift; path = ViewController.swift; sourceTree = "<group>"; };
		E1CB60471C148CB400AE270F /* Base */ = {isa = PBXFileReference; lastKnownFileType = file.storyboard; name = Base; path = Base.lproj/Main.storyboard; sourceTree = "<group>"; };
		E1CB60491C148CB400AE270F /* Assets.xcassets */ = {isa = PBXFileReference; lastKnownFileType = folder.assetcatalog; path = Assets.xcassets; sourceTree = "<group>"; };
		E1CB604C1C148CB400AE270F /* Base */ = {isa = PBXFileReference; lastKnownFileType = file.storyboard; name = Base; path = Base.lproj/LaunchScreen.storyboard; sourceTree = "<group>"; };
		E1CB604E1C148CB400AE270F /* Info.plist */ = {isa = PBXFileReference; lastKnownFileType = text.plist.xml; path = Info.plist; sourceTree = "<group>"; };
		E1CB60531C148CB400AE270F /* Penguin AdventuresTests.xctest */ = {isa = PBXFileReference; explicitFileType = wrapper.cfbundle; includeInIndex = 0; path = "Penguin AdventuresTests.xctest"; sourceTree = BUILT_PRODUCTS_DIR; };
		E1CB60571C148CB400AE270F /* Penguin_AdventuresTests.swift */ = {isa = PBXFileReference; lastKnownFileType = sourcecode.swift; path = Penguin_AdventuresTests.swift; sourceTree = "<group>"; };
		E1CB60591C148CB400AE270F /* Info.plist */ = {isa = PBXFileReference; lastKnownFileType = text.plist.xml; path = Info.plist; sourceTree = "<group>"; };
		E1CB605E1C148CB400AE270F /* Penguin AdventuresUITests.xctest */ = {isa = PBXFileReference; explicitFileType = wrapper.cfbundle; includeInIndex = 0; path = "Penguin AdventuresUITests.xctest"; sourceTree = BUILT_PRODUCTS_DIR; };
		E1CB60621C148CB400AE270F /* Penguin_AdventuresUITests.swift */ = {isa = PBXFileReference; lastKnownFileType = sourcecode.swift; path = Penguin_AdventuresUITests.swift; sourceTree = "<group>"; };
		E1CB60641C148CB400AE270F /* Info.plist */ = {isa = PBXFileReference; lastKnownFileType = text.plist.xml; path = Info.plist; sourceTree = "<group>"; };
		E1E41E181C28C415006B3883 /* FourthViewController.swift */ = {isa = PBXFileReference; fileEncoding = 4; lastKnownFileType = sourcecode.swift; path = FourthViewController.swift; sourceTree = "<group>"; };
		E1E41E1A1C28DA13006B3883 /* locations.gpx */ = {isa = PBXFileReference; fileEncoding = 4; lastKnownFileType = text.xml; name = locations.gpx; path = "Penguin Adventures/locations.gpx"; sourceTree = "<group>"; };
		E1E41E1C1C28EB5E006B3883 /* CollectionViewController.swift */ = {isa = PBXFileReference; fileEncoding = 4; lastKnownFileType = sourcecode.swift; name = CollectionViewController.swift; path = ../CollectionViewController.swift; sourceTree = "<group>"; };
		E1EAA8161C19A29700CA9B7B /* SecondViewController.swift */ = {isa = PBXFileReference; fileEncoding = 4; lastKnownFileType = sourcecode.swift; path = SecondViewController.swift; sourceTree = "<group>"; };
/* End PBXFileReference section */

/* Begin PBXFrameworksBuildPhase section */
		E1CB603C1C148CB400AE270F /* Frameworks */ = {
			isa = PBXFrameworksBuildPhase;
			buildActionMask = 2147483647;
			files = (
			);
			runOnlyForDeploymentPostprocessing = 0;
		};
		E1CB60501C148CB400AE270F /* Frameworks */ = {
			isa = PBXFrameworksBuildPhase;
			buildActionMask = 2147483647;
			files = (
			);
			runOnlyForDeploymentPostprocessing = 0;
		};
		E1CB605B1C148CB400AE270F /* Frameworks */ = {
			isa = PBXFrameworksBuildPhase;
			buildActionMask = 2147483647;
			files = (
			);
			runOnlyForDeploymentPostprocessing = 0;
		};
/* End PBXFrameworksBuildPhase section */

/* Begin PBXGroup section */
		E1CB60361C148CB400AE270F = {
			isa = PBXGroup;
			children = (
				E1E41E1A1C28DA13006B3883 /* locations.gpx */,
				E1CB60411C148CB400AE270F /* Penguin Adventures */,
				E1CB60561C148CB400AE270F /* Penguin AdventuresTests */,
				E1CB60611C148CB400AE270F /* Penguin AdventuresUITests */,
				E1CB60401C148CB400AE270F /* Products */,
			);
			sourceTree = "<group>";
		};
		E1CB60401C148CB400AE270F /* Products */ = {
			isa = PBXGroup;
			children = (
				E1CB603F1C148CB400AE270F /* Penguin Adventures.app */,
				E1CB60531C148CB400AE270F /* Penguin AdventuresTests.xctest */,
				E1CB605E1C148CB400AE270F /* Penguin AdventuresUITests.xctest */,
			);
			name = Products;
			sourceTree = "<group>";
		};
		E1CB60411C148CB400AE270F /* Penguin Adventures */ = {
			isa = PBXGroup;
			children = (
				E1CB60421C148CB400AE270F /* AppDelegate.swift */,
				E1CB60441C148CB400AE270F /* ViewController.swift */,
				E1E41E1C1C28EB5E006B3883 /* CollectionViewController.swift */,
				E1EAA8161C19A29700CA9B7B /* SecondViewController.swift */,
				E1CB60461C148CB400AE270F /* Main.storyboard */,
				E1E41E181C28C415006B3883 /* FourthViewController.swift */,
				E1CB60491C148CB400AE270F /* Assets.xcassets */,
				E1AB0EAD1C505EC7009E4182 /* baby pernguin.png */,
				E1AB0EAE1C505EC7009E4182 /* penguin with scarf.png */,
				E1AB0EB01C505EC7009E4182 /* penguin fishing.png */,
				E1AB0EB11C505EC7009E4182 /* swimming penguin.png */,
				E1AB0EB71C506708009E4182 /* homepage-01-01.png */,
				E1AB0E9F1C4FD4E0009E4182 /* penguin.png */,
				E1AB0EA11C5005BD009E4182 /* homepage.png */,
				E1CB604B1C148CB400AE270F /* LaunchScreen.storyboard */,
				E1CB604E1C148CB400AE270F /* Info.plist */,
			);
			path = "Penguin Adventures";
			sourceTree = "<group>";
		};
		E1CB60561C148CB400AE270F /* Penguin AdventuresTests */ = {
			isa = PBXGroup;
			children = (
				E1CB60571C148CB400AE270F /* Penguin_AdventuresTests.swift */,
				E1CB60591C148CB400AE270F /* Info.plist */,
			);
			path = "Penguin AdventuresTests";
			sourceTree = "<group>";
		};
		E1CB60611C148CB400AE270F /* Penguin AdventuresUITests */ = {
			isa = PBXGroup;
			children = (
				E1CB60621C148CB400AE270F /* Penguin_AdventuresUITests.swift */,
				E1CB60641C148CB400AE270F /* Info.plist */,
			);
			path = "Penguin AdventuresUITests";
			sourceTree = "<group>";
		};
/* End PBXGroup section */

/* Begin PBXNativeTarget section */
		E1CB603E1C148CB400AE270F /* Penguin Adventures */ = {
			isa = PBXNativeTarget;
			buildConfigurationList = E1CB60671C148CB400AE270F /* Build configuration list for PBXNativeTarget "Penguin Adventures" */;
			buildPhases = (
				E1CB603B1C148CB400AE270F /* Sources */,
				E1CB603C1C148CB400AE270F /* Frameworks */,
				E1CB603D1C148CB400AE270F /* Resources */,
			);
			buildRules = (
			);
			dependencies = (
			);
			name = "Penguin Adventures";
			productName = "Penguin Adventures";
			productReference = E1CB603F1C148CB400AE270F /* Penguin Adventures.app */;
			productType = "com.apple.product-type.application";
		};
		E1CB60521C148CB400AE270F /* Penguin AdventuresTests */ = {
			isa = PBXNativeTarget;
			buildConfigurationList = E1CB606A1C148CB400AE270F /* Build configuration list for PBXNativeTarget "Penguin AdventuresTests" */;
			buildPhases = (
				E1CB604F1C148CB400AE270F /* Sources */,
				E1CB60501C148CB400AE270F /* Frameworks */,
				E1CB60511C148CB400AE270F /* Resources */,
			);
			buildRules = (
			);
			dependencies = (
				E1CB60551C148CB400AE270F /* PBXTargetDependency */,
			);
			name = "Penguin AdventuresTests";
			productName = "Penguin AdventuresTests";
			productReference = E1CB60531C148CB400AE270F /* Penguin AdventuresTests.xctest */;
			productType = "com.apple.product-type.bundle.unit-test";
		};
		E1CB605D1C148CB400AE270F /* Penguin AdventuresUITests */ = {
			isa = PBXNativeTarget;
			buildConfigurationList = E1CB606D1C148CB400AE270F /* Build configuration list for PBXNativeTarget "Penguin AdventuresUITests" */;
			buildPhases = (
				E1CB605A1C148CB400AE270F /* Sources */,
				E1CB605B1C148CB400AE270F /* Frameworks */,
				E1CB605C1C148CB400AE270F /* Resources */,
			);
			buildRules = (
			);
			dependencies = (
				E1CB60601C148CB400AE270F /* PBXTargetDependency */,
			);
			name = "Penguin AdventuresUITests";
			productName = "Penguin AdventuresUITests";
			productReference = E1CB605E1C148CB400AE270F /* Penguin AdventuresUITests.xctest */;
			productType = "com.apple.product-type.bundle.ui-testing";
		};
/* End PBXNativeTarget section */

/* Begin PBXProject section */
		E1CB60371C148CB400AE270F /* Project object */ = {
			isa = PBXProject;
			attributes = {
				LastSwiftUpdateCheck = 0710;
				LastUpgradeCheck = 0710;
				ORGANIZATIONNAME = "Amy Cotton";
				TargetAttributes = {
					E1CB603E1C148CB400AE270F = {
						CreatedOnToolsVersion = 7.1.1;
						DevelopmentTeam = 48M6LN83SM;
					};
					E1CB60521C148CB400AE270F = {
						CreatedOnToolsVersion = 7.1.1;
						DevelopmentTeam = 48M6LN83SM;
						TestTargetID = E1CB603E1C148CB400AE270F;
					};
					E1CB605D1C148CB400AE270F = {
						CreatedOnToolsVersion = 7.1.1;
						DevelopmentTeam = 48M6LN83SM;
						TestTargetID = E1CB603E1C148CB400AE270F;
					};
				};
			};
			buildConfigurationList = E1CB603A1C148CB400AE270F /* Build configuration list for PBXProject "Penguin Adventures" */;
			compatibilityVersion = "Xcode 3.2";
			developmentRegion = English;
			hasScannedForEncodings = 0;
			knownRegions = (
				en,
				Base,
			);
			mainGroup = E1CB60361C148CB400AE270F;
			productRefGroup = E1CB60401C148CB400AE270F /* Products */;
			projectDirPath = "";
			projectRoot = "";
			targets = (
				E1CB603E1C148CB400AE270F /* Penguin Adventures */,
				E1CB60521C148CB400AE270F /* Penguin AdventuresTests */,
				E1CB605D1C148CB400AE270F /* Penguin AdventuresUITests */,
			);
		};
/* End PBXProject section */

/* Begin PBXResourcesBuildPhase section */
		E1CB603D1C148CB400AE270F /* Resources */ = {
			isa = PBXResourcesBuildPhase;
			buildActionMask = 2147483647;
			files = (
				E1CB604D1C148CB400AE270F /* LaunchScreen.storyboard in Resources */,
				E1AB0EA21C5005BD009E4182 /* homepage.png in Resources */,
				E1CB604A1C148CB400AE270F /* Assets.xcassets in Resources */,
				E1AB0EB31C505EC7009E4182 /* penguin with scarf.png in Resources */,
				E1E41E1B1C28DA13006B3883 /* locations.gpx in Resources */,
				E1AB0EB61C505EC7009E4182 /* swimming penguin.png in Resources */,
				E1AB0EB21C505EC7009E4182 /* baby pernguin.png in Resources */,
				E1AB0EA01C4FD4E0009E4182 /* penguin.png in Resources */,
				E1CB60481C148CB400AE270F /* Main.storyboard in Resources */,
				E1AB0EB81C506708009E4182 /* homepage-01-01.png in Resources */,
				E1AB0EB51C505EC7009E4182 /* penguin fishing.png in Resources */,
			);
			runOnlyForDeploymentPostprocessing = 0;
		};
		E1CB60511C148CB400AE270F /* Resources */ = {
			isa = PBXResourcesBuildPhase;
			buildActionMask = 2147483647;
			files = (
			);
			runOnlyForDeploymentPostprocessing = 0;
		};
		E1CB605C1C148CB400AE270F /* Resources */ = {
			isa = PBXResourcesBuildPhase;
			buildActionMask = 2147483647;
			files = (
			);
			runOnlyForDeploymentPostprocessing = 0;
		};
/* End PBXResourcesBuildPhase section */

/* Begin PBXSourcesBuildPhase section */
		E1CB603B1C148CB400AE270F /* Sources */ = {
			isa = PBXSourcesBuildPhase;
			buildActionMask = 2147483647;
			files = (
				E1EAA8171C19A29700CA9B7B /* SecondViewController.swift in Sources */,
				E1CB60451C148CB400AE270F /* ViewController.swift in Sources */,
				E1CB60431C148CB400AE270F /* AppDelegate.swift in Sources */,
				E1E41E191C28C415006B3883 /* FourthViewController.swift in Sources */,
				E1E41E1D1C28EB5E006B3883 /* CollectionViewController.swift in Sources */,
			);
			runOnlyForDeploymentPostprocessing = 0;
		};
		E1CB604F1C148CB400AE270F /* Sources */ = {
			isa = PBXSourcesBuildPhase;
			buildActionMask = 2147483647;
			files = (
				E1CB60581C148CB400AE270F /* Penguin_AdventuresTests.swift in Sources */,
			);
			runOnlyForDeploymentPostprocessing = 0;
		};
		E1CB605A1C148CB400AE270F /* Sources */ = {
			isa = PBXSourcesBuildPhase;
			buildActionMask = 2147483647;
			files = (
				E1CB60631C148CB400AE270F /* Penguin_AdventuresUITests.swift in Sources */,
			);
			runOnlyForDeploymentPostprocessing = 0;
		};
/* End PBXSourcesBuildPhase section */

/* Begin PBXTargetDependency section */
		E1CB60551C148CB400AE270F /* PBXTargetDependency */ = {
			isa = PBXTargetDependency;
			target = E1CB603E1C148CB400AE270F /* Penguin Adventures */;
			targetProxy = E1CB60541C148CB400AE270F /* PBXContainerItemProxy */;
		};
		E1CB60601C148CB400AE270F /* PBXTargetDependency */ = {
			isa = PBXTargetDependency;
			target = E1CB603E1C148CB400AE270F /* Penguin Adventures */;
			targetProxy = E1CB605F1C148CB400AE270F /* PBXContainerItemProxy */;
		};
/* End PBXTargetDependency section */

/* Begin PBXVariantGroup section */
		E1CB60461C148CB400AE270F /* Main.storyboard */ = {
			isa = PBXVariantGroup;
			children = (
				E1CB60471C148CB400AE270F /* Base */,
			);
			name = Main.storyboard;
			sourceTree = "<group>";
		};
		E1CB604B1C148CB400AE270F /* LaunchScreen.storyboard */ = {
			isa = PBXVariantGroup;
			children = (
				E1CB604C1C148CB400AE270F /* Base */,
			);
			name = LaunchScreen.storyboard;
			sourceTree = "<group>";
		};
/* End PBXVariantGroup section */

/* Begin XCBuildConfiguration section */
		E1CB60651C148CB400AE270F /* Debug */ = {
			isa = XCBuildConfiguration;
			buildSettings = {
				ALWAYS_SEARCH_USER_PATHS = NO;
				CLANG_CXX_LANGUAGE_STANDARD = "gnu++0x";
				CLANG_CXX_LIBRARY = "libc++";
				CLANG_ENABLE_MODULES = YES;
				CLANG_ENABLE_OBJC_ARC = YES;
				CLANG_WARN_BOOL_CONVERSION = YES;
				CLANG_WARN_CONSTANT_CONVERSION = YES;
				CLANG_WARN_DIRECT_OBJC_ISA_USAGE = YES_ERROR;
				CLANG_WARN_EMPTY_BODY = YES;
				CLANG_WARN_ENUM_CONVERSION = YES;
				CLANG_WARN_INT_CONVERSION = YES;
				CLANG_WARN_OBJC_ROOT_CLASS = YES_ERROR;
				CLANG_WARN_UNREACHABLE_CODE = YES;
				CLANG_WARN__DUPLICATE_METHOD_MATCH = YES;
				"CODE_SIGN_IDENTITY[sdk=iphoneos*]" = "iPhone Developer";
				COPY_PHASE_STRIP = NO;
				DEBUG_INFORMATION_FORMAT = dwarf;
				ENABLE_STRICT_OBJC_MSGSEND = YES;
				ENABLE_TESTABILITY = YES;
				GCC_C_LANGUAGE_STANDARD = gnu99;
				GCC_DYNAMIC_NO_PIC = NO;
				GCC_NO_COMMON_BLOCKS = YES;
				GCC_OPTIMIZATION_LEVEL = 0;
				GCC_PREPROCESSOR_DEFINITIONS = (
					"DEBUG=1",
					"$(inherited)",
				);
				GCC_WARN_64_TO_32_BIT_CONVERSION = YES;
				GCC_WARN_ABOUT_RETURN_TYPE = YES_ERROR;
				GCC_WARN_UNDECLARED_SELECTOR = YES;
				GCC_WARN_UNINITIALIZED_AUTOS = YES_AGGRESSIVE;
				GCC_WARN_UNUSED_FUNCTION = YES;
				GCC_WARN_UNUSED_VARIABLE = YES;
				IPHONEOS_DEPLOYMENT_TARGET = 9.1;
				MTL_ENABLE_DEBUG_INFO = YES;
				ONLY_ACTIVE_ARCH = YES;
				SDKROOT = iphoneos;
				SWIFT_OPTIMIZATION_LEVEL = "-Onone";
			};
			name = Debug;
		};
		E1CB60661C148CB400AE270F /* Release */ = {
			isa = XCBuildConfiguration;
			buildSettings = {
				ALWAYS_SEARCH_USER_PATHS = NO;
				CLANG_CXX_LANGUAGE_STANDARD = "gnu++0x";
				CLANG_CXX_LIBRARY = "libc++";
				CLANG_ENABLE_MODULES = YES;
				CLANG_ENABLE_OBJC_ARC = YES;
				CLANG_WARN_BOOL_CONVERSION = YES;
				CLANG_WARN_CONSTANT_CONVERSION = YES;
				CLANG_WARN_DIRECT_OBJC_ISA_USAGE = YES_ERROR;
				CLANG_WARN_EMPTY_BODY = YES;
				CLANG_WARN_ENUM_CONVERSION = YES;
				CLANG_WARN_INT_CONVERSION = YES;
				CLANG_WARN_OBJC_ROOT_CLASS = YES_ERROR;
				CLANG_WARN_UNREACHABLE_CODE = YES;
				CLANG_WARN__DUPLICATE_METHOD_MATCH = YES;
				"CODE_SIGN_IDENTITY[sdk=iphoneos*]" = "iPhone Developer";
				COPY_PHASE_STRIP = NO;
				DEBUG_INFORMATION_FORMAT = "dwarf-with-dsym";
				ENABLE_NS_ASSERTIONS = NO;
				ENABLE_STRICT_OBJC_MSGSEND = YES;
				GCC_C_LANGUAGE_STANDARD = gnu99;
				GCC_NO_COMMON_BLOCKS = YES;
				GCC_WARN_64_TO_32_BIT_CONVERSION = YES;
				GCC_WARN_ABOUT_RETURN_TYPE = YES_ERROR;
				GCC_WARN_UNDECLARED_SELECTOR = YES;
				GCC_WARN_UNINITIALIZED_AUTOS = YES_AGGRESSIVE;
				GCC_WARN_UNUSED_FUNCTION = YES;
				GCC_WARN_UNUSED_VARIABLE = YES;
				IPHONEOS_DEPLOYMENT_TARGET = 9.1;
				MTL_ENABLE_DEBUG_INFO = NO;
				SDKROOT = iphoneos;
				VALIDATE_PRODUCT = YES;
			};
			name = Release;
		};
		E1CB60681C148CB400AE270F /* Debug */ = {
			isa = XCBuildConfiguration;
			buildSettings = {
				ASSETCATALOG_COMPILER_APPICON_NAME = AppIcon;
				INFOPLIST_FILE = "Penguin Adventures/Info.plist";
				LD_RUNPATH_SEARCH_PATHS = "$(inherited) @executable_path/Frameworks";
				PRODUCT_BUNDLE_IDENTIFIER = "com.yourcompany.Penguin-Adventures";
				PRODUCT_NAME = "$(TARGET_NAME)";
			};
			name = Debug;
		};
		E1CB60691C148CB400AE270F /* Release */ = {
			isa = XCBuildConfiguration;
			buildSettings = {
				ASSETCATALOG_COMPILER_APPICON_NAME = AppIcon;
				INFOPLIST_FILE = "Penguin Adventures/Info.plist";
				LD_RUNPATH_SEARCH_PATHS = "$(inherited) @executable_path/Frameworks";
				PRODUCT_BUNDLE_IDENTIFIER = "com.yourcompany.Penguin-Adventures";
				PRODUCT_NAME = "$(TARGET_NAME)";
			};
			name = Release;
		};
		E1CB606B1C148CB400AE270F /* Debug */ = {
			isa = XCBuildConfiguration;
			buildSettings = {
				BUNDLE_LOADER = "$(TEST_HOST)";
				INFOPLIST_FILE = "Penguin AdventuresTests/Info.plist";
				LD_RUNPATH_SEARCH_PATHS = "$(inherited) @executable_path/Frameworks @loader_path/Frameworks";
				PRODUCT_BUNDLE_IDENTIFIER = "com.yourcompany.Penguin-AdventuresTests";
				PRODUCT_NAME = "$(TARGET_NAME)";
				TEST_HOST = "$(BUILT_PRODUCTS_DIR)/Penguin Adventures.app/Penguin Adventures";
			};
			name = Debug;
		};
		E1CB606C1C148CB400AE270F /* Release */ = {
			isa = XCBuildConfiguration;
			buildSettings = {
				BUNDLE_LOADER = "$(TEST_HOST)";
				INFOPLIST_FILE = "Penguin AdventuresTests/Info.plist";
				LD_RUNPATH_SEARCH_PATHS = "$(inherited) @executable_path/Frameworks @loader_path/Frameworks";
				PRODUCT_BUNDLE_IDENTIFIER = "com.yourcompany.Penguin-AdventuresTests";
				PRODUCT_NAME = "$(TARGET_NAME)";
				TEST_HOST = "$(BUILT_PRODUCTS_DIR)/Penguin Adventures.app/Penguin Adventures";
			};
			name = Release;
		};
		E1CB606E1C148CB400AE270F /* Debug */ = {
			isa = XCBuildConfiguration;
			buildSettings = {
				INFOPLIST_FILE = "Penguin AdventuresUITests/Info.plist";
				LD_RUNPATH_SEARCH_PATHS = "$(inherited) @executable_path/Frameworks @loader_path/Frameworks";
				PRODUCT_BUNDLE_IDENTIFIER = "com.yourcompany.Penguin-AdventuresUITests";
				PRODUCT_NAME = "$(TARGET_NAME)";
				TEST_TARGET_NAME = "Penguin Adventures";
				USES_XCTRUNNER = YES;
			};
			name = Debug;
		};
		E1CB606F1C148CB400AE270F /* Release */ = {
			isa = XCBuildConfiguration;
			buildSettings = {
				INFOPLIST_FILE = "Penguin AdventuresUITests/Info.plist";
				LD_RUNPATH_SEARCH_PATHS = "$(inherited) @executable_path/Frameworks @loader_path/Frameworks";
				PRODUCT_BUNDLE_IDENTIFIER = "com.yourcompany.Penguin-AdventuresUITests";
				PRODUCT_NAME = "$(TARGET_NAME)";
				TEST_TARGET_NAME = "Penguin Adventures";
				USES_XCTRUNNER = YES;
			};
			name = Release;
		};
/* End XCBuildConfiguration section */

/* Begin XCConfigurationList section */
		E1CB603A1C148CB400AE270F /* Build configuration list for PBXProject "Penguin Adventures" */ = {
			isa = XCConfigurationList;
			buildConfigurations = (
				E1CB60651C148CB400AE270F /* Debug */,
				E1CB60661C148CB400AE270F /* Release */,
			);
			defaultConfigurationIsVisible = 0;
			defaultConfigurationName = Release;
		};
		E1CB60671C148CB400AE270F /* Build configuration list for PBXNativeTarget "Penguin Adventures" */ = {
			isa = XCConfigurationList;
			buildConfigurations = (
				E1CB60681C148CB400AE270F /* Debug */,
				E1CB60691C148CB400AE270F /* Release */,
			);
			defaultConfigurationIsVisible = 0;
			defaultConfigurationName = Release;
		};
		E1CB606A1C148CB400AE270F /* Build configuration list for PBXNativeTarget "Penguin AdventuresTests" */ = {
			isa = XCConfigurationList;
			buildConfigurations = (
				E1CB606B1C148CB400AE270F /* Debug */,
				E1CB606C1C148CB400AE270F /* Release */,
			);
			defaultConfigurationIsVisible = 0;
			defaultConfigurationName = Release;
		};
		E1CB606D1C148CB400AE270F /* Build configuration list for PBXNativeTarget "Penguin AdventuresUITests" */ = {
			isa = XCConfigurationList;
			buildConfigurations = (
				E1CB606E1C148CB400AE270F /* Debug */,
				E1CB606F1C148CB400AE270F /* Release */,
			);
			defaultConfigurationIsVisible = 0;
			defaultConfigurationName = Release;
		};
/* End XCConfigurationList section */
	};
	rootObject = E1CB60371C148CB400AE270F /* Project object */;
}
